// !$*UTF8*$!
{
	archiveVersion = 1;
	classes = {
	};
	objectVersion = 51;
	objects = {

/* Begin PBXBuildFile section */
		020860564F40C46795DA5878 /* Pods_Snapchat.framework in Frameworks */ = {isa = PBXBuildFile; fileRef = 2839D9D6AF25F2B955E1E2FB /* Pods_Snapchat.framework */; };
		ED120F39272CE0FB0065C54E /* HomeViewController.swift in Sources */ = {isa = PBXBuildFile; fileRef = ED120F38272CE0FB0065C54E /* HomeViewController.swift */; };
		ED120F3B272CEB550065C54E /* HomeViewController.xib in Resources */ = {isa = PBXBuildFile; fileRef = ED120F3A272CEB550065C54E /* HomeViewController.xib */; };
		ED170A1D272C9910002B5642 /* AppDelegate.swift in Sources */ = {isa = PBXBuildFile; fileRef = ED170A1C272C9910002B5642 /* AppDelegate.swift */; };
		ED170A1F272C9910002B5642 /* SceneDelegate.swift in Sources */ = {isa = PBXBuildFile; fileRef = ED170A1E272C9910002B5642 /* SceneDelegate.swift */; };
		ED170A21272C9910002B5642 /* iniciarSesionViewController.swift in Sources */ = {isa = PBXBuildFile; fileRef = ED170A20272C9910002B5642 /* iniciarSesionViewController.swift */; };
		ED170A24272C9910002B5642 /* Main.storyboard in Resources */ = {isa = PBXBuildFile; fileRef = ED170A22272C9910002B5642 /* Main.storyboard */; };
		ED170A26272C9913002B5642 /* Assets.xcassets in Resources */ = {isa = PBXBuildFile; fileRef = ED170A25272C9913002B5642 /* Assets.xcassets */; };
		ED170A29272C9913002B5642 /* LaunchScreen.storyboard in Resources */ = {isa = PBXBuildFile; fileRef = ED170A27272C9913002B5642 /* LaunchScreen.storyboard */; };
		ED170A31272C9B10002B5642 /* GoogleService-Info.plist in Resources */ = {isa = PBXBuildFile; fileRef = ED170A30272C9B10002B5642 /* GoogleService-Info.plist */; };
		ED35E48E273C4DC00071032D /* Snap.swift in Sources */ = {isa = PBXBuildFile; fileRef = ED35E48D273C4DC00071032D /* Snap.swift */; };
		ED87B099273C56D6001C6964 /* VerSnapViewController.swift in Sources */ = {isa = PBXBuildFile; fileRef = ED87B098273C56D6001C6964 /* VerSnapViewController.swift */; };
		EDD6F582273B22A40082E88A /* registroUsuarioViewController.swift in Sources */ = {isa = PBXBuildFile; fileRef = EDD6F581273B22A40082E88A /* registroUsuarioViewController.swift */; };
		EDF9FC3E2738852700817DA4 /* ElelgirUsuarioViewController.swift in Sources */ = {isa = PBXBuildFile; fileRef = EDF9FC3D2738852700817DA4 /* ElelgirUsuarioViewController.swift */; };
		EDF9FC422738E15600817DA4 /* Usuario.swift in Sources */ = {isa = PBXBuildFile; fileRef = EDF9FC412738E15600817DA4 /* Usuario.swift */; };
		EDFE06C8273314CA00B300C5 /* SnapsViewController.swift in Sources */ = {isa = PBXBuildFile; fileRef = EDFE06C7273314CA00B300C5 /* SnapsViewController.swift */; };
		EDFE06CA27331A2700B300C5 /* ImagenViewController.swift in Sources */ = {isa = PBXBuildFile; fileRef = EDFE06C927331A2700B300C5 /* ImagenViewController.swift */; };
/* End PBXBuildFile section */

/* Begin PBXFileReference section */
		2839D9D6AF25F2B955E1E2FB /* Pods_Snapchat.framework */ = {isa = PBXFileReference; explicitFileType = wrapper.framework; includeInIndex = 0; path = Pods_Snapchat.framework; sourceTree = BUILT_PRODUCTS_DIR; };
		3613F3EC01E87DEF349D8B89 /* Pods-Snapchat.release.xcconfig */ = {isa = PBXFileReference; includeInIndex = 1; lastKnownFileType = text.xcconfig; name = "Pods-Snapchat.release.xcconfig"; path = "Target Support Files/Pods-Snapchat/Pods-Snapchat.release.xcconfig"; sourceTree = "<group>"; };
		782D6312CDE38317FB076664 /* Pods-Snapchat.debug.xcconfig */ = {isa = PBXFileReference; includeInIndex = 1; lastKnownFileType = text.xcconfig; name = "Pods-Snapchat.debug.xcconfig"; path = "Target Support Files/Pods-Snapchat/Pods-Snapchat.debug.xcconfig"; sourceTree = "<group>"; };
		ED120F38272CE0FB0065C54E /* HomeViewController.swift */ = {isa = PBXFileReference; lastKnownFileType = sourcecode.swift; path = HomeViewController.swift; sourceTree = "<group>"; };
		ED120F3A272CEB550065C54E /* HomeViewController.xib */ = {isa = PBXFileReference; lastKnownFileType = file.xib; path = HomeViewController.xib; sourceTree = "<group>"; };
		ED170A19272C9910002B5642 /* Snapchat.app */ = {isa = PBXFileReference; explicitFileType = wrapper.application; includeInIndex = 0; path = Snapchat.app; sourceTree = BUILT_PRODUCTS_DIR; };
		ED170A1C272C9910002B5642 /* AppDelegate.swift */ = {isa = PBXFileReference; lastKnownFileType = sourcecode.swift; path = AppDelegate.swift; sourceTree = "<group>"; };
		ED170A1E272C9910002B5642 /* SceneDelegate.swift */ = {isa = PBXFileReference; lastKnownFileType = sourcecode.swift; path = SceneDelegate.swift; sourceTree = "<group>"; };
		ED170A20272C9910002B5642 /* iniciarSesionViewController.swift */ = {isa = PBXFileReference; lastKnownFileType = sourcecode.swift; path = iniciarSesionViewController.swift; sourceTree = "<group>"; };
		ED170A23272C9910002B5642 /* Base */ = {isa = PBXFileReference; lastKnownFileType = file.storyboard; name = Base; path = Base.lproj/Main.storyboard; sourceTree = "<group>"; };
		ED170A25272C9913002B5642 /* Assets.xcassets */ = {isa = PBXFileReference; lastKnownFileType = folder.assetcatalog; path = Assets.xcassets; sourceTree = "<group>"; };
		ED170A28272C9913002B5642 /* Base */ = {isa = PBXFileReference; lastKnownFileType = file.storyboard; name = Base; path = Base.lproj/LaunchScreen.storyboard; sourceTree = "<group>"; };
		ED170A2A272C9913002B5642 /* Info.plist */ = {isa = PBXFileReference; lastKnownFileType = text.plist.xml; path = Info.plist; sourceTree = "<group>"; };
		ED170A30272C9B10002B5642 /* GoogleService-Info.plist */ = {isa = PBXFileReference; fileEncoding = 4; lastKnownFileType = text.plist.xml; path = "GoogleService-Info.plist"; sourceTree = "<group>"; };
		ED35E48D273C4DC00071032D /* Snap.swift */ = {isa = PBXFileReference; lastKnownFileType = sourcecode.swift; path = Snap.swift; sourceTree = "<group>"; };
		ED87B098273C56D6001C6964 /* VerSnapViewController.swift */ = {isa = PBXFileReference; lastKnownFileType = sourcecode.swift; path = VerSnapViewController.swift; sourceTree = "<group>"; };
		EDD6F581273B22A40082E88A /* registroUsuarioViewController.swift */ = {isa = PBXFileReference; lastKnownFileType = sourcecode.swift; path = registroUsuarioViewController.swift; sourceTree = "<group>"; };
		EDF9FC3D2738852700817DA4 /* ElelgirUsuarioViewController.swift */ = {isa = PBXFileReference; lastKnownFileType = sourcecode.swift; path = ElelgirUsuarioViewController.swift; sourceTree = "<group>"; };
		EDF9FC412738E15600817DA4 /* Usuario.swift */ = {isa = PBXFileReference; lastKnownFileType = sourcecode.swift; path = Usuario.swift; sourceTree = "<group>"; };
		EDFE06C627330FFD00B300C5 /* Snapchat.entitlements */ = {isa = PBXFileReference; lastKnownFileType = text.plist.entitlements; path = Snapchat.entitlements; sourceTree = "<group>"; };
		EDFE06C7273314CA00B300C5 /* SnapsViewController.swift */ = {isa = PBXFileReference; lastKnownFileType = sourcecode.swift; path = SnapsViewController.swift; sourceTree = "<group>"; };
		EDFE06C927331A2700B300C5 /* ImagenViewController.swift */ = {isa = PBXFileReference; lastKnownFileType = sourcecode.swift; path = ImagenViewController.swift; sourceTree = "<group>"; };
/* End PBXFileReference section */

/* Begin PBXFrameworksBuildPhase section */
		ED170A16272C9910002B5642 /* Frameworks */ = {
			isa = PBXFrameworksBuildPhase;
			buildActionMask = 2147483647;
			files = (
				020860564F40C46795DA5878 /* Pods_Snapchat.framework in Frameworks */,
			);
			runOnlyForDeploymentPostprocessing = 0;
		};
/* End PBXFrameworksBuildPhase section */

/* Begin PBXGroup section */
		10EDF609DA5251F7CDE366A4 /* Frameworks */ = {
			isa = PBXGroup;
			children = (
				2839D9D6AF25F2B955E1E2FB /* Pods_Snapchat.framework */,
			);
			name = Frameworks;
			sourceTree = "<group>";
		};
		608B9FC9CB17AB6FD1C5790D /* Pods */ = {
			isa = PBXGroup;
			children = (
				782D6312CDE38317FB076664 /* Pods-Snapchat.debug.xcconfig */,
				3613F3EC01E87DEF349D8B89 /* Pods-Snapchat.release.xcconfig */,
			);
			path = Pods;
			sourceTree = "<group>";
		};
		ED170A10272C9910002B5642 = {
			isa = PBXGroup;
			children = (
				ED170A1B272C9910002B5642 /* Snapchat */,
				ED170A1A272C9910002B5642 /* Products */,
				608B9FC9CB17AB6FD1C5790D /* Pods */,
				10EDF609DA5251F7CDE366A4 /* Frameworks */,
			);
			sourceTree = "<group>";
		};
		ED170A1A272C9910002B5642 /* Products */ = {
			isa = PBXGroup;
			children = (
				ED170A19272C9910002B5642 /* Snapchat.app */,
			);
			name = Products;
			sourceTree = "<group>";
		};
		ED170A1B272C9910002B5642 /* Snapchat */ = {
			isa = PBXGroup;
			children = (
				EDF9FC402738E0BE00817DA4 /* Modelos */,
				EDF9FC3F2738E01300817DA4 /* ViewControllers */,
				EDFE06C627330FFD00B300C5 /* Snapchat.entitlements */,
				ED170A30272C9B10002B5642 /* GoogleService-Info.plist */,
				ED170A1C272C9910002B5642 /* AppDelegate.swift */,
				ED170A1E272C9910002B5642 /* SceneDelegate.swift */,
				ED170A22272C9910002B5642 /* Main.storyboard */,
				ED170A25272C9913002B5642 /* Assets.xcassets */,
				ED170A27272C9913002B5642 /* LaunchScreen.storyboard */,
				ED170A2A272C9913002B5642 /* Info.plist */,
				ED120F38272CE0FB0065C54E /* HomeViewController.swift */,
				ED120F3A272CEB550065C54E /* HomeViewController.xib */,
			);
			path = Snapchat;
			sourceTree = "<group>";
		};
		EDF9FC3F2738E01300817DA4 /* ViewControllers */ = {
			isa = PBXGroup;
			children = (
				ED170A20272C9910002B5642 /* iniciarSesionViewController.swift */,
				EDFE06C7273314CA00B300C5 /* SnapsViewController.swift */,
				EDFE06C927331A2700B300C5 /* ImagenViewController.swift */,
				EDF9FC3D2738852700817DA4 /* ElelgirUsuarioViewController.swift */,
				EDD6F581273B22A40082E88A /* registroUsuarioViewController.swift */,
				ED87B098273C56D6001C6964 /* VerSnapViewController.swift */,
			);
			path = ViewControllers;
			sourceTree = "<group>";
		};
		EDF9FC402738E0BE00817DA4 /* Modelos */ = {
			isa = PBXGroup;
			children = (
				EDF9FC412738E15600817DA4 /* Usuario.swift */,
				ED35E48D273C4DC00071032D /* Snap.swift */,
			);
			path = Modelos;
			sourceTree = "<group>";
		};
/* End PBXGroup section */

/* Begin PBXNativeTarget section */
		ED170A18272C9910002B5642 /* Snapchat */ = {
			isa = PBXNativeTarget;
			buildConfigurationList = ED170A2D272C9913002B5642 /* Build configuration list for PBXNativeTarget "Snapchat" */;
			buildPhases = (
				18E19D934AC45B58F4A1D518 /* [CP] Check Pods Manifest.lock */,
				ED170A15272C9910002B5642 /* Sources */,
				ED170A16272C9910002B5642 /* Frameworks */,
				ED170A17272C9910002B5642 /* Resources */,
				B9C9D55596731F24E326A989 /* [CP] Embed Pods Frameworks */,
				D7F48AC3A24452F2F4D8F7BF /* [CP] Copy Pods Resources */,
			);
			buildRules = (
			);
			dependencies = (
			);
			name = Snapchat;
			productName = Snapchat;
			productReference = ED170A19272C9910002B5642 /* Snapchat.app */;
			productType = "com.apple.product-type.application";
		};
/* End PBXNativeTarget section */

/* Begin PBXProject section */
		ED170A11272C9910002B5642 /* Project object */ = {
			isa = PBXProject;
			attributes = {
				LastSwiftUpdateCheck = 1130;
				LastUpgradeCheck = 1130;
				ORGANIZATIONNAME = deah;
				TargetAttributes = {
					ED170A18272C9910002B5642 = {
						CreatedOnToolsVersion = 11.3;
					};
				};
			};
			buildConfigurationList = ED170A14272C9910002B5642 /* Build configuration list for PBXProject "Snapchat" */;
			compatibilityVersion = "Xcode 9.3";
			developmentRegion = en;
			hasScannedForEncodings = 0;
			knownRegions = (
				en,
				Base,
			);
			mainGroup = ED170A10272C9910002B5642;
			productRefGroup = ED170A1A272C9910002B5642 /* Products */;
			projectDirPath = "";
			projectRoot = "";
			targets = (
				ED170A18272C9910002B5642 /* Snapchat */,
			);
		};
/* End PBXProject section */

/* Begin PBXResourcesBuildPhase section */
		ED170A17272C9910002B5642 /* Resources */ = {
			isa = PBXResourcesBuildPhase;
			buildActionMask = 2147483647;
			files = (
				ED170A29272C9913002B5642 /* LaunchScreen.storyboard in Resources */,
				ED170A31272C9B10002B5642 /* GoogleService-Info.plist in Resources */,
				ED120F3B272CEB550065C54E /* HomeViewController.xib in Resources */,
				ED170A26272C9913002B5642 /* Assets.xcassets in Resources */,
				ED170A24272C9910002B5642 /* Main.storyboard in Resources */,
			);
			runOnlyForDeploymentPostprocessing = 0;
		};
/* End PBXResourcesBuildPhase section */

/* Begin PBXShellScriptBuildPhase section */
		18E19D934AC45B58F4A1D518 /* [CP] Check Pods Manifest.lock */ = {
			isa = PBXShellScriptBuildPhase;
			buildActionMask = 2147483647;
			files = (
			);
			inputFileListPaths = (
			);
			inputPaths = (
				"${PODS_PODFILE_DIR_PATH}/Podfile.lock",
				"${PODS_ROOT}/Manifest.lock",
			);
			name = "[CP] Check Pods Manifest.lock";
			outputFileListPaths = (
			);
			outputPaths = (
				"$(DERIVED_FILE_DIR)/Pods-Snapchat-checkManifestLockResult.txt",
			);
			runOnlyForDeploymentPostprocessing = 0;
			shellPath = /bin/sh;
			shellScript = "diff \"${PODS_PODFILE_DIR_PATH}/Podfile.lock\" \"${PODS_ROOT}/Manifest.lock\" > /dev/null\nif [ $? != 0 ] ; then\n    # print error to STDERR\n    echo \"error: The sandbox is not in sync with the Podfile.lock. Run 'pod install' or update your CocoaPods installation.\" >&2\n    exit 1\nfi\n# This output is used by Xcode 'outputs' to avoid re-running this script phase.\necho \"SUCCESS\" > \"${SCRIPT_OUTPUT_FILE_0}\"\n";
			showEnvVarsInLog = 0;
		};
		B9C9D55596731F24E326A989 /* [CP] Embed Pods Frameworks */ = {
			isa = PBXShellScriptBuildPhase;
			buildActionMask = 2147483647;
			files = (
			);
			inputFileListPaths = (
				"${PODS_ROOT}/Target Support Files/Pods-Snapchat/Pods-Snapchat-frameworks-${CONFIGURATION}-input-files.xcfilelist",
			);
			name = "[CP] Embed Pods Frameworks";
			outputFileListPaths = (
				"${PODS_ROOT}/Target Support Files/Pods-Snapchat/Pods-Snapchat-frameworks-${CONFIGURATION}-output-files.xcfilelist",
			);
			runOnlyForDeploymentPostprocessing = 0;
			shellPath = /bin/sh;
			shellScript = "\"${PODS_ROOT}/Target Support Files/Pods-Snapchat/Pods-Snapchat-frameworks.sh\"\n";
			showEnvVarsInLog = 0;
		};
		D7F48AC3A24452F2F4D8F7BF /* [CP] Copy Pods Resources */ = {
			isa = PBXShellScriptBuildPhase;
			buildActionMask = 2147483647;
			files = (
			);
			inputFileListPaths = (
				"${PODS_ROOT}/Target Support Files/Pods-Snapchat/Pods-Snapchat-resources-${CONFIGURATION}-input-files.xcfilelist",
			);
			name = "[CP] Copy Pods Resources";
			outputFileListPaths = (
				"${PODS_ROOT}/Target Support Files/Pods-Snapchat/Pods-Snapchat-resources-${CONFIGURATION}-output-files.xcfilelist",
			);
			runOnlyForDeploymentPostprocessing = 0;
			shellPath = /bin/sh;
			shellScript = "\"${PODS_ROOT}/Target Support Files/Pods-Snapchat/Pods-Snapchat-resources.sh\"\n";
			showEnvVarsInLog = 0;
		};
/* End PBXShellScriptBuildPhase section */

/* Begin PBXSourcesBuildPhase section */
		ED170A15272C9910002B5642 /* Sources */ = {
			isa = PBXSourcesBuildPhase;
			buildActionMask = 2147483647;
			files = (
				ED87B099273C56D6001C6964 /* VerSnapViewController.swift in Sources */,
				EDFE06C8273314CA00B300C5 /* SnapsViewController.swift in Sources */,
				ED170A21272C9910002B5642 /* iniciarSesionViewController.swift in Sources */,
				ED170A1D272C9910002B5642 /* AppDelegate.swift in Sources */,
				EDD6F582273B22A40082E88A /* registroUsuarioViewController.swift in Sources */,
				EDFE06CA27331A2700B300C5 /* ImagenViewController.swift in Sources */,
				ED35E48E273C4DC00071032D /* Snap.swift in Sources */,
				ED170A1F272C9910002B5642 /* SceneDelegate.swift in Sources */,
				EDF9FC422738E15600817DA4 /* Usuario.swift in Sources */,
				EDF9FC3E2738852700817DA4 /* ElelgirUsuarioViewController.swift in Sources */,
				ED120F39272CE0FB0065C54E /* HomeViewController.swift in Sources */,
			);
			runOnlyForDeploymentPostprocessing = 0;
		};
/* End PBXSourcesBuildPhase section */

/* Begin PBXVariantGroup section */
		ED170A22272C9910002B5642 /* Main.storyboard */ = {
			isa = PBXVariantGroup;
			children = (
				ED170A23272C9910002B5642 /* Base */,
			);
			name = Main.storyboard;
			sourceTree = "<group>";
		};
		ED170A27272C9913002B5642 /* LaunchScreen.storyboard */ = {
			isa = PBXVariantGroup;
			children = (
				ED170A28272C9913002B5642 /* Base */,
			);
			name = LaunchScreen.storyboard;
			sourceTree = "<group>";
		};
/* End PBXVariantGroup section */

/* Begin XCBuildConfiguration section */
		ED170A2B272C9913002B5642 /* Debug */ = {
			isa = XCBuildConfiguration;
			buildSettings = {
				ALWAYS_SEARCH_USER_PATHS = NO;
				CLANG_ANALYZER_NONNULL = YES;
				CLANG_ANALYZER_NUMBER_OBJECT_CONVERSION = YES_AGGRESSIVE;
				CLANG_CXX_LANGUAGE_STANDARD = "gnu++14";
				CLANG_CXX_LIBRARY = "libc++";
				CLANG_ENABLE_MODULES = YES;
				CLANG_ENABLE_OBJC_ARC = YES;
				CLANG_ENABLE_OBJC_WEAK = YES;
				CLANG_WARN_BLOCK_CAPTURE_AUTORELEASING = YES;
				CLANG_WARN_BOOL_CONVERSION = YES;
				CLANG_WARN_COMMA = YES;
				CLANG_WARN_CONSTANT_CONVERSION = YES;
				CLANG_WARN_DEPRECATED_OBJC_IMPLEMENTATIONS = YES;
				CLANG_WARN_DIRECT_OBJC_ISA_USAGE = YES_ERROR;
				CLANG_WARN_DOCUMENTATION_COMMENTS = YES;
				CLANG_WARN_EMPTY_BODY = YES;
				CLANG_WARN_ENUM_CONVERSION = YES;
				CLANG_WARN_INFINITE_RECURSION = YES;
				CLANG_WARN_INT_CONVERSION = YES;
				CLANG_WARN_NON_LITERAL_NULL_CONVERSION = YES;
				CLANG_WARN_OBJC_IMPLICIT_RETAIN_SELF = YES;
				CLANG_WARN_OBJC_LITERAL_CONVERSION = YES;
				CLANG_WARN_OBJC_ROOT_CLASS = YES_ERROR;
				CLANG_WARN_RANGE_LOOP_ANALYSIS = YES;
				CLANG_WARN_STRICT_PROTOTYPES = YES;
				CLANG_WARN_SUSPICIOUS_MOVE = YES;
				CLANG_WARN_UNGUARDED_AVAILABILITY = YES_AGGRESSIVE;
				CLANG_WARN_UNREACHABLE_CODE = YES;
				CLANG_WARN__DUPLICATE_METHOD_MATCH = YES;
				COPY_PHASE_STRIP = NO;
				DEBUG_INFORMATION_FORMAT = dwarf;
				ENABLE_STRICT_OBJC_MSGSEND = YES;
				ENABLE_TESTABILITY = YES;
				GCC_C_LANGUAGE_STANDARD = gnu11;
				GCC_DYNAMIC_NO_PIC = NO;
				GCC_NO_COMMON_BLOCKS = YES;
				GCC_OPTIMIZATION_LEVEL = 0;
				GCC_PREPROCESSOR_DEFINITIONS = (
					"DEBUG=1",
					"$(inherited)",
				);
				GCC_WARN_64_TO_32_BIT_CONVERSION = YES;
				GCC_WARN_ABOUT_RETURN_TYPE = YES_ERROR;
				GCC_WARN_UNDECLARED_SELECTOR = YES;
				GCC_WARN_UNINITIALIZED_AUTOS = YES_AGGRESSIVE;
				GCC_WARN_UNUSED_FUNCTION = YES;
				GCC_WARN_UNUSED_VARIABLE = YES;
				IPHONEOS_DEPLOYMENT_TARGET = 13.2;
				MTL_ENABLE_DEBUG_INFO = INCLUDE_SOURCE;
				MTL_FAST_MATH = YES;
				ONLY_ACTIVE_ARCH = YES;
				SDKROOT = iphoneos;
				SWIFT_ACTIVE_COMPILATION_CONDITIONS = DEBUG;
				SWIFT_OPTIMIZATION_LEVEL = "-Onone";
			};
			name = Debug;
		};
		ED170A2C272C9913002B5642 /* Release */ = {
			isa = XCBuildConfiguration;
			buildSettings = {
				ALWAYS_SEARCH_USER_PATHS = NO;
				CLANG_ANALYZER_NONNULL = YES;
				CLANG_ANALYZER_NUMBER_OBJECT_CONVERSION = YES_AGGRESSIVE;
				CLANG_CXX_LANGUAGE_STANDARD = "gnu++14";
				CLANG_CXX_LIBRARY = "libc++";
				CLANG_ENABLE_MODULES = YES;
				CLANG_ENABLE_OBJC_ARC = YES;
				CLANG_ENABLE_OBJC_WEAK = YES;
				CLANG_WARN_BLOCK_CAPTURE_AUTORELEASING = YES;
				CLANG_WARN_BOOL_CONVERSION = YES;
				CLANG_WARN_COMMA = YES;
				CLANG_WARN_CONSTANT_CONVERSION = YES;
				CLANG_WARN_DEPRECATED_OBJC_IMPLEMENTATIONS = YES;
				CLANG_WARN_DIRECT_OBJC_ISA_USAGE = YES_ERROR;
				CLANG_WARN_DOCUMENTATION_COMMENTS = YES;
				CLANG_WARN_EMPTY_BODY = YES;
				CLANG_WARN_ENUM_CONVERSION = YES;
				CLANG_WARN_INFINITE_RECURSION = YES;
				CLANG_WARN_INT_CONVERSION = YES;
				CLANG_WARN_NON_LITERAL_NULL_CONVERSION = YES;
				CLANG_WARN_OBJC_IMPLICIT_RETAIN_SELF = YES;
				CLANG_WARN_OBJC_LITERAL_CONVERSION = YES;
				CLANG_WARN_OBJC_ROOT_CLASS = YES_ERROR;
				CLANG_WARN_RANGE_LOOP_ANALYSIS = YES;
				CLANG_WARN_STRICT_PROTOTYPES = YES;
				CLANG_WARN_SUSPICIOUS_MOVE = YES;
				CLANG_WARN_UNGUARDED_AVAILABILITY = YES_AGGRESSIVE;
				CLANG_WARN_UNREACHABLE_CODE = YES;
				CLANG_WARN__DUPLICATE_METHOD_MATCH = YES;
				COPY_PHASE_STRIP = NO;
				DEBUG_INFORMATION_FORMAT = "dwarf-with-dsym";
				ENABLE_NS_ASSERTIONS = NO;
				ENABLE_STRICT_OBJC_MSGSEND = YES;
				GCC_C_LANGUAGE_STANDARD = gnu11;
				GCC_NO_COMMON_BLOCKS = YES;
				GCC_WARN_64_TO_32_BIT_CONVERSION = YES;
				GCC_WARN_ABOUT_RETURN_TYPE = YES_ERROR;
				GCC_WARN_UNDECLARED_SELECTOR = YES;
				GCC_WARN_UNINITIALIZED_AUTOS = YES_AGGRESSIVE;
				GCC_WARN_UNUSED_FUNCTION = YES;
				GCC_WARN_UNUSED_VARIABLE = YES;
				IPHONEOS_DEPLOYMENT_TARGET = 13.2;
				MTL_ENABLE_DEBUG_INFO = NO;
				MTL_FAST_MATH = YES;
				SDKROOT = iphoneos;
				SWIFT_COMPILATION_MODE = wholemodule;
				SWIFT_OPTIMIZATION_LEVEL = "-O";
				VALIDATE_PRODUCT = YES;
			};
			name = Release;
		};
		ED170A2E272C9913002B5642 /* Debug */ = {
			isa = XCBuildConfiguration;
			baseConfigurationReference = 782D6312CDE38317FB076664 /* Pods-Snapchat.debug.xcconfig */;
			buildSettings = {
				ASSETCATALOG_COMPILER_APPICON_NAME = AppIcon;
				CODE_SIGN_ENTITLEMENTS = Snapchat/Snapchat.entitlements;
				CODE_SIGN_STYLE = Automatic;
				INFOPLIST_FILE = Snapchat/Info.plist;
				LD_RUNPATH_SEARCH_PATHS = (
					"$(inherited)",
					"@executable_path/Frameworks",
				);
				PRODUCT_BUNDLE_IDENTIFIER = deah.com.Snapchat;
				PRODUCT_NAME = "$(TARGET_NAME)";
				SWIFT_VERSION = 5.0;
				TARGETED_DEVICE_FAMILY = "1,2";
			};
			name = Debug;
		};
		ED170A2F272C9913002B5642 /* Release */ = {
			isa = XCBuildConfiguration;
			baseConfigurationReference = 3613F3EC01E87DEF349D8B89 /* Pods-Snapchat.release.xcconfig */;
			buildSettings = {
				ASSETCATALOG_COMPILER_APPICON_NAME = AppIcon;
				CODE_SIGN_ENTITLEMENTS = Snapchat/Snapchat.entitlements;
				CODE_SIGN_STYLE = Automatic;
				INFOPLIST_FILE = Snapchat/Info.plist;
				LD_RUNPATH_SEARCH_PATHS = (
					"$(inherited)",
					"@executable_path/Frameworks",
				);
				PRODUCT_BUNDLE_IDENTIFIER = deah.com.Snapchat;
				PRODUCT_NAME = "$(TARGET_NAME)";
				SWIFT_VERSION = 5.0;
				TARGETED_DEVICE_FAMILY = "1,2";
			};
			name = Release;
		};
/* End XCBuildConfiguration section */

/* Begin XCConfigurationList section */
		ED170A14272C9910002B5642 /* Build configuration list for PBXProject "Snapchat" */ = {
			isa = XCConfigurationList;
			buildConfigurations = (
				ED170A2B272C9913002B5642 /* Debug */,
				ED170A2C272C9913002B5642 /* Release */,
			);
			defaultConfigurationIsVisible = 0;
			defaultConfigurationName = Release;
		};
		ED170A2D272C9913002B5642 /* Build configuration list for PBXNativeTarget "Snapchat" */ = {
			isa = XCConfigurationList;
			buildConfigurations = (
				ED170A2E272C9913002B5642 /* Debug */,
				ED170A2F272C9913002B5642 /* Release */,
			);
			defaultConfigurationIsVisible = 0;
			defaultConfigurationName = Release;
		};
/* End XCConfigurationList section */
	};
	rootObject = ED170A11272C9910002B5642 /* Project object */;
}
